
Microsoft Visual Studio Solution File, Format Version 12.00
# Visual Studio Version 17
VisualStudioVersion = 17.9.34723.18
MinimumVisualStudioVersion = 10.0.40219.1
Project("{FAE04EC0-301F-11D3-BF4B-00C04F79EFBC}") = "WebApplication2", "WebApplication2\WebApplication2.csproj", "{F2E0BBC6-BF9A-44D1-912E-B9B6C9960829}"
EndProject
Global
	GlobalSection(SolutionConfigurationPlatforms) = preSolution
		Debug|Any CPU = Debug|Any CPU
		Release|Any CPU = Release|Any CPU
	EndGlobalSection
	GlobalSection(ProjectConfigurationPlatforms) = postSolution
		{F2E0BBC6-BF9A-44D1-912E-B9B6C9960829}.Debug|Any CPU.ActiveCfg = Debug|Any CPU
		{F2E0BBC6-BF9A-44D1-912E-B9B6C9960829}.Debug|Any CPU.Build.0 = Debug|Any CPU
		{F2E0BBC6-BF9A-44D1-912E-B9B6C9960829}.Release|Any CPU.ActiveCfg = Release|Any CPU
		{F2E0BBC6-BF9A-44D1-912E-B9B6C9960829}.Release|Any CPU.Build.0 = Release|Any CPU
	EndGlobalSection
	GlobalSection(SolutionProperties) = preSolution
		HideSolutionNode = FALSE
	EndGlobalSection
	GlobalSection(ExtensibilityGlobals) = postSolution
		SolutionGuid = {255E5ABD-50FD-429C-AE1C-DC8866151335}
	EndGlobalSection
EndGlobal
