
Microsoft Visual Studio Solution File, Format Version 12.00
# Visual Studio Version 17
VisualStudioVersion = 17.9.34723.18
MinimumVisualStudioVersion = 10.0.40219.1
Project("{9A19103F-16F7-4668-BE54-9A1E7A4F7556}") = "ChamadoX", "ChamadoX\ChamadoX.csproj", "{C2A05562-1CEF-44EE-A766-AF87B9F75D75}"
EndProject
Project("{FAE04EC0-301F-11D3-BF4B-00C04F79EFBC}") = "Api_autenticaçãotoken", "Api_autenticaçãotoken\Api_autenticaçãotoken.csproj", "{5EE7BD8B-7D88-4327-BC26-A04F6DC9681A}"
EndProject
Global
	GlobalSection(SolutionConfigurationPlatforms) = preSolution
		Debug|Any CPU = Debug|Any CPU
		Release|Any CPU = Release|Any CPU
	EndGlobalSection
	GlobalSection(ProjectConfigurationPlatforms) = postSolution
		{C2A05562-1CEF-44EE-A766-AF87B9F75D75}.Debug|Any CPU.ActiveCfg = Debug|Any CPU
		{C2A05562-1CEF-44EE-A766-AF87B9F75D75}.Debug|Any CPU.Build.0 = Debug|Any CPU
		{C2A05562-1CEF-44EE-A766-AF87B9F75D75}.Release|Any CPU.ActiveCfg = Release|Any CPU
		{C2A05562-1CEF-44EE-A766-AF87B9F75D75}.Release|Any CPU.Build.0 = Release|Any CPU
		{5EE7BD8B-7D88-4327-BC26-A04F6DC9681A}.Debug|Any CPU.ActiveCfg = Debug|Any CPU
		{5EE7BD8B-7D88-4327-BC26-A04F6DC9681A}.Debug|Any CPU.Build.0 = Debug|Any CPU
		{5EE7BD8B-7D88-4327-BC26-A04F6DC9681A}.Release|Any CPU.ActiveCfg = Release|Any CPU
		{5EE7BD8B-7D88-4327-BC26-A04F6DC9681A}.Release|Any CPU.Build.0 = Release|Any CPU
	EndGlobalSection
	GlobalSection(SolutionProperties) = preSolution
		HideSolutionNode = FALSE
	EndGlobalSection
	GlobalSection(ExtensibilityGlobals) = postSolution
		SolutionGuid = {C5C3F6EB-68D9-4CD3-A23C-BB967A032DCF}
	EndGlobalSection
EndGlobal
